{
  "name": "test-vokinloksar-foobar",
  "version": "1.0.8",
  "lockfileVersion": 1,
  "requires": true,
  "dependencies": {
    "test-vokinloksar-bar": {
      "version": "1.0.5",
      "resolved": "https://registry.npmjs.org/test-vokinloksar-bar/-/test-vokinloksar-bar-1.0.5.tgz",
      "integrity": "sha512-dez0w96/zmJcfiWbRgMZ1WFDP0okXtMzfUPC50jjSFYxiF5/4FzWBISSfvuqJR9yUEwKSl/afLIWkZaMocoAOA=="
    },
    "test-vokinloksar-foo": {
      "version": "1.0.5",
      "resolved": "https://registry.npmjs.org/test-vokinloksar-foo/-/test-vokinloksar-foo-1.0.5.tgz",
      "integrity": "sha512-hw6WpgzNEKNgYWb9mbo2nmRH+WP4IMQ0vGgBlGBjtnlr4ib36Y2oMFo9DKG/aCFbswhafrtybMA/CyrAHVmvkg=="
    }
  }
}
