{
  "name": "test-vokinloksar-foobar",
  "version": "1.0.8",
  "lockfileVersion": 1,
  "requires": true,
  "dependencies": {
    "test-vokinloksar-bar": {
      "version": "file:../bar",
      "dependencies": {
        "foo": {
          "version": "1.0.8"
        }
      }
    },
    "test-vokinloksar-foo": {
      "version": "file:../foo"
    }
  }
}
